
Microsoft Visual Studio Solution File, Format Version 12.00
Project("{FAE04EC0-301F-11D3-BF4B-00C04F79EFBC}") = "ReadyBusinesses.Api", "ReadyBusinesses.Api\ReadyBusinesses.Api.csproj", "{9E6669E9-7C8E-4CFF-91DD-01AD7B960CC4}"
EndProject
Project("{FAE04EC0-301F-11D3-BF4B-00C04F79EFBC}") = "ReadyBusinesses.DAL", "ReadyBusinesses.DAL\ReadyBusinesses.DAL.csproj", "{33E43F6B-B5C3-4279-8A58-2BC62BF90BED}"
EndProject
Project("{FAE04EC0-301F-11D3-BF4B-00C04F79EFBC}") = "ReadyBusinesses.BLL", "ReadyBusinesses.BLL\ReadyBusinesses.BLL.csproj", "{7AED0C77-B0B2-47FD-9706-809F7EC649B7}"
EndProject
Project("{FAE04EC0-301F-11D3-BF4B-00C04F79EFBC}") = "ReadyBusinesses.Common", "ReadyBusinesses.Common\ReadyBusinesses.Common.csproj", "{A98E224F-B1B9-472B-9901-023ED4EAD913}"
EndProject
Project("{FAE04EC0-301F-11D3-BF4B-00C04F79EFBC}") = "ReadyBusinesses.AI", "ReadyBusinesses.AI\ReadyBusinesses.AI.csproj", "{770ABF7B-00E4-4158-B1C2-57FCBB7B8D99}"
EndProject
Project("{FAE04EC0-301F-11D3-BF4B-00C04F79EFBC}") = "ReadyBusinesses.Topsis", "ReadyBusinesses.Topsis\ReadyBusinesses.Topsis.csproj", "{EF9A2509-1913-49BC-8ED9-CE3135FB4BC7}"
EndProject
Project("{FAE04EC0-301F-11D3-BF4B-00C04F79EFBC}") = "ReadyBusinesses.BLL.UnitTests", "ReadyBusinesses.BLL.UnitTests\ReadyBusinesses.BLL.UnitTests.csproj", "{F324995E-046D-4CA1-ACD2-727D0226D5DF}"
EndProject
Project("{FAE04EC0-301F-11D3-BF4B-00C04F79EFBC}") = "ReadyBusinesses.DAL.IntegrationTests", "ReadyBusinesses.DAL.IntegrationTests\ReadyBusinesses.DAL.IntegrationTests.csproj", "{1E2830E2-9742-456A-9C10-6156BE081399}"
EndProject
Project("{FAE04EC0-301F-11D3-BF4B-00C04F79EFBC}") = "ReadyBusinesses.Api.IntegrationTests", "ReadyBusinesses.Api.IntegrationTests\ReadyBusinesses.Api.IntegrationTests.csproj", "{C2D91EB0-34AB-4383-A641-AA43CA10A88C}"
EndProject
Global
	GlobalSection(SolutionConfigurationPlatforms) = preSolution
		Debug|Any CPU = Debug|Any CPU
		Release|Any CPU = Release|Any CPU
	EndGlobalSection
	GlobalSection(ProjectConfigurationPlatforms) = postSolution
		{9E6669E9-7C8E-4CFF-91DD-01AD7B960CC4}.Debug|Any CPU.ActiveCfg = Debug|Any CPU
		{9E6669E9-7C8E-4CFF-91DD-01AD7B960CC4}.Debug|Any CPU.Build.0 = Debug|Any CPU
		{9E6669E9-7C8E-4CFF-91DD-01AD7B960CC4}.Release|Any CPU.ActiveCfg = Release|Any CPU
		{9E6669E9-7C8E-4CFF-91DD-01AD7B960CC4}.Release|Any CPU.Build.0 = Release|Any CPU
		{33E43F6B-B5C3-4279-8A58-2BC62BF90BED}.Debug|Any CPU.ActiveCfg = Debug|Any CPU
		{33E43F6B-B5C3-4279-8A58-2BC62BF90BED}.Debug|Any CPU.Build.0 = Debug|Any CPU
		{33E43F6B-B5C3-4279-8A58-2BC62BF90BED}.Release|Any CPU.ActiveCfg = Release|Any CPU
		{33E43F6B-B5C3-4279-8A58-2BC62BF90BED}.Release|Any CPU.Build.0 = Release|Any CPU
		{7AED0C77-B0B2-47FD-9706-809F7EC649B7}.Debug|Any CPU.ActiveCfg = Debug|Any CPU
		{7AED0C77-B0B2-47FD-9706-809F7EC649B7}.Debug|Any CPU.Build.0 = Debug|Any CPU
		{7AED0C77-B0B2-47FD-9706-809F7EC649B7}.Release|Any CPU.ActiveCfg = Release|Any CPU
		{7AED0C77-B0B2-47FD-9706-809F7EC649B7}.Release|Any CPU.Build.0 = Release|Any CPU
		{A98E224F-B1B9-472B-9901-023ED4EAD913}.Debug|Any CPU.ActiveCfg = Debug|Any CPU
		{A98E224F-B1B9-472B-9901-023ED4EAD913}.Debug|Any CPU.Build.0 = Debug|Any CPU
		{A98E224F-B1B9-472B-9901-023ED4EAD913}.Release|Any CPU.ActiveCfg = Release|Any CPU
		{A98E224F-B1B9-472B-9901-023ED4EAD913}.Release|Any CPU.Build.0 = Release|Any CPU
		{770ABF7B-00E4-4158-B1C2-57FCBB7B8D99}.Debug|Any CPU.ActiveCfg = Debug|Any CPU
		{770ABF7B-00E4-4158-B1C2-57FCBB7B8D99}.Debug|Any CPU.Build.0 = Debug|Any CPU
		{770ABF7B-00E4-4158-B1C2-57FCBB7B8D99}.Release|Any CPU.ActiveCfg = Release|Any CPU
		{770ABF7B-00E4-4158-B1C2-57FCBB7B8D99}.Release|Any CPU.Build.0 = Release|Any CPU
		{EF9A2509-1913-49BC-8ED9-CE3135FB4BC7}.Debug|Any CPU.ActiveCfg = Debug|Any CPU
		{EF9A2509-1913-49BC-8ED9-CE3135FB4BC7}.Debug|Any CPU.Build.0 = Debug|Any CPU
		{EF9A2509-1913-49BC-8ED9-CE3135FB4BC7}.Release|Any CPU.ActiveCfg = Release|Any CPU
		{EF9A2509-1913-49BC-8ED9-CE3135FB4BC7}.Release|Any CPU.Build.0 = Release|Any CPU
		{F324995E-046D-4CA1-ACD2-727D0226D5DF}.Debug|Any CPU.ActiveCfg = Debug|Any CPU
		{F324995E-046D-4CA1-ACD2-727D0226D5DF}.Debug|Any CPU.Build.0 = Debug|Any CPU
		{F324995E-046D-4CA1-ACD2-727D0226D5DF}.Release|Any CPU.ActiveCfg = Release|Any CPU
		{F324995E-046D-4CA1-ACD2-727D0226D5DF}.Release|Any CPU.Build.0 = Release|Any CPU
		{1E2830E2-9742-456A-9C10-6156BE081399}.Debug|Any CPU.ActiveCfg = Debug|Any CPU
		{1E2830E2-9742-456A-9C10-6156BE081399}.Debug|Any CPU.Build.0 = Debug|Any CPU
		{1E2830E2-9742-456A-9C10-6156BE081399}.Release|Any CPU.ActiveCfg = Release|Any CPU
		{1E2830E2-9742-456A-9C10-6156BE081399}.Release|Any CPU.Build.0 = Release|Any CPU
		{C2D91EB0-34AB-4383-A641-AA43CA10A88C}.Debug|Any CPU.ActiveCfg = Debug|Any CPU
		{C2D91EB0-34AB-4383-A641-AA43CA10A88C}.Debug|Any CPU.Build.0 = Debug|Any CPU
		{C2D91EB0-34AB-4383-A641-AA43CA10A88C}.Release|Any CPU.ActiveCfg = Release|Any CPU
		{C2D91EB0-34AB-4383-A641-AA43CA10A88C}.Release|Any CPU.Build.0 = Release|Any CPU
	EndGlobalSection
EndGlobal
