
Microsoft Visual Studio Solution File, Format Version 12.00
Project("{FAE04EC0-301F-11D3-BF4B-00C04F79EFBC}") = "NewsApp", "NewsApp\NewsApp.csproj", "{D1F8AEDB-D1E0-4EA2-B8A5-78565B864163}"
EndProject
Project("{FAE04EC0-301F-11D3-BF4B-00C04F79EFBC}") = "NewsApp.Api", "NewsApp.Api\NewsApp.Api.csproj", "{BDBE7435-A636-4919-AF70-E50C62415146}"
EndProject
Project("{FAE04EC0-301F-11D3-BF4B-00C04F79EFBC}") = "NewsApp.DAL", "NewsApp.DAL\NewsApp.DAL.csproj", "{D00DC09A-C2A3-436C-8497-739413204489}"
EndProject
Project("{FAE04EC0-301F-11D3-BF4B-00C04F79EFBC}") = "NewsApp.BLL", "NewsApp.BLL\NewsApp.BLL.csproj", "{52FE3643-A558-4240-AA5E-4543A1E0D6D4}"
EndProject
Project("{FAE04EC0-301F-11D3-BF4B-00C04F79EFBC}") = "NewsApp.Utils", "NewsApp.Utils\NewsApp.Utils.csproj", "{DD71C9C5-7534-42D0-97C1-B8990E3883F8}"
EndProject
Project("{FAE04EC0-301F-11D3-BF4B-00C04F79EFBC}") = "NewsApp.BLL.UnitTests", "NewsApp.BLL.UnitTests\NewsApp.BLL.UnitTests.csproj", "{CD5DBBE0-51B4-432E-BBCF-E8E8204B84B3}"
EndProject
Global
	GlobalSection(SolutionConfigurationPlatforms) = preSolution
		Debug|Any CPU = Debug|Any CPU
		Release|Any CPU = Release|Any CPU
	EndGlobalSection
	GlobalSection(ProjectConfigurationPlatforms) = postSolution
		{D1F8AEDB-D1E0-4EA2-B8A5-78565B864163}.Debug|Any CPU.ActiveCfg = Debug|Any CPU
		{D1F8AEDB-D1E0-4EA2-B8A5-78565B864163}.Debug|Any CPU.Build.0 = Debug|Any CPU
		{D1F8AEDB-D1E0-4EA2-B8A5-78565B864163}.Release|Any CPU.ActiveCfg = Release|Any CPU
		{D1F8AEDB-D1E0-4EA2-B8A5-78565B864163}.Release|Any CPU.Build.0 = Release|Any CPU
		{BDBE7435-A636-4919-AF70-E50C62415146}.Debug|Any CPU.ActiveCfg = Debug|Any CPU
		{BDBE7435-A636-4919-AF70-E50C62415146}.Debug|Any CPU.Build.0 = Debug|Any CPU
		{BDBE7435-A636-4919-AF70-E50C62415146}.Release|Any CPU.ActiveCfg = Release|Any CPU
		{BDBE7435-A636-4919-AF70-E50C62415146}.Release|Any CPU.Build.0 = Release|Any CPU
		{D00DC09A-C2A3-436C-8497-739413204489}.Debug|Any CPU.ActiveCfg = Debug|Any CPU
		{D00DC09A-C2A3-436C-8497-739413204489}.Debug|Any CPU.Build.0 = Debug|Any CPU
		{D00DC09A-C2A3-436C-8497-739413204489}.Release|Any CPU.ActiveCfg = Release|Any CPU
		{D00DC09A-C2A3-436C-8497-739413204489}.Release|Any CPU.Build.0 = Release|Any CPU
		{52FE3643-A558-4240-AA5E-4543A1E0D6D4}.Debug|Any CPU.ActiveCfg = Debug|Any CPU
		{52FE3643-A558-4240-AA5E-4543A1E0D6D4}.Debug|Any CPU.Build.0 = Debug|Any CPU
		{52FE3643-A558-4240-AA5E-4543A1E0D6D4}.Release|Any CPU.ActiveCfg = Release|Any CPU
		{52FE3643-A558-4240-AA5E-4543A1E0D6D4}.Release|Any CPU.Build.0 = Release|Any CPU
		{DD71C9C5-7534-42D0-97C1-B8990E3883F8}.Debug|Any CPU.ActiveCfg = Debug|Any CPU
		{DD71C9C5-7534-42D0-97C1-B8990E3883F8}.Debug|Any CPU.Build.0 = Debug|Any CPU
		{DD71C9C5-7534-42D0-97C1-B8990E3883F8}.Release|Any CPU.ActiveCfg = Release|Any CPU
		{DD71C9C5-7534-42D0-97C1-B8990E3883F8}.Release|Any CPU.Build.0 = Release|Any CPU
		{CD5DBBE0-51B4-432E-BBCF-E8E8204B84B3}.Debug|Any CPU.ActiveCfg = Debug|Any CPU
		{CD5DBBE0-51B4-432E-BBCF-E8E8204B84B3}.Debug|Any CPU.Build.0 = Debug|Any CPU
		{CD5DBBE0-51B4-432E-BBCF-E8E8204B84B3}.Release|Any CPU.ActiveCfg = Release|Any CPU
		{CD5DBBE0-51B4-432E-BBCF-E8E8204B84B3}.Release|Any CPU.Build.0 = Release|Any CPU
	EndGlobalSection
EndGlobal
